{
  "name": "Lost And Found Website",
  "lockfileVersion": 3,
  "requires": true,
  "packages": {
    "": {
      "dependencies": {
        "@splinetool/react-spline": "^2.2.6"
      }
    },
    "node_modules/@splinetool/react-spline": {
      "version": "2.2.6",
      "resolved": "https://registry.npmjs.org/@splinetool/react-spline/-/react-spline-2.2.6.tgz",
      "integrity": "sha512-y9L2VEbnC6FNZZu8XMmWM9YTTTWal6kJVfP05Amf0QqDNzCSumKsJxZyGUODvuCmiAvy0PfIfEsiVKnSxvhsDw==",
      "dependencies": {
        "lodash.debounce": "^4.0.8",
        "react-merge-refs": "^2.0.1"
      },
      "peerDependencies": {
        "@splinetool/runtime": "*",
        "react": ">=17.0.0",
        "react-dom": ">=17.0.0"
      }
    },
    "node_modules/lodash.debounce": {
      "version": "4.0.8",
      "resolved": "https://registry.npmjs.org/lodash.debounce/-/lodash.debounce-4.0.8.tgz",
      "integrity": "sha512-FT1yDzDYEoYWhnSGnpE/4Kj1fLZkDFyqRb7fNt6FdYOSxlUWAtp42Eh6Wb0rGIv/m9Bgo7x4GhQbm5Ys4SG5ow=="
    },
    "node_modules/react-merge-refs": {
      "version": "2.0.2",
      "resolved": "https://registry.npmjs.org/react-merge-refs/-/react-merge-refs-2.0.2.tgz",
      "integrity": "sha512-V5BGTwGa2r+/t0A/BZMS6L7VPXY0CU8xtAhkT3XUoI1WJJhhtvulvoiZkJ5Jt9YAW23m4xFWmhQ+C5HwjtTFhQ==",
      "funding": {
        "type": "github",
        "url": "https://github.com/sponsors/gregberge"
      }
    }
  }
}
